github.com/patrickmn/go-cache v2.1.0+incompatible h1:HRMgzkcYKYpi3C8ajMPV8OFXaaRUnok+kx1WdO15EQc=
github.com/patrickmn/go-cache v2.1.0+incompatible/go.mod h1:3Qf8kWWT7OJRJbdiICTKqZju1ZixQ/KpMGzzAfe6+WQ=
github.com/second-state/WasmEdge-go v0.13.4 h1:NHfJC+aayUW93ydAzlcX7Jx1WDRpI24KvY5SAbeTyvY=
github.com/second-state/WasmEdge-go v0.13.4/go.mod h1:HyBf9hVj1sRAjklsjc1Yvs9b5RcmthPG9z99dY78TKg=
